
Microsoft Visual Studio Solution File, Format Version 12.00
# Visual Studio Version 17
VisualStudioVersion = 17.4.33213.308
MinimumVisualStudioVersion = 10.0.40219.1
Project("{FAE04EC0-301F-11D3-BF4B-00C04F79EFBC}") = "LibraryManagement", "LibraryManagement\LibraryManagement.csproj", "{A3BABCEF-7F6B-4B45-ACE7-A6F6B4357EAF}"
EndProject
Global
	GlobalSection(SolutionConfigurationPlatforms) = preSolution
		Debug|Any CPU = Debug|Any CPU
		Release|Any CPU = Release|Any CPU
	EndGlobalSection
	GlobalSection(ProjectConfigurationPlatforms) = postSolution
		{A3BABCEF-7F6B-4B45-ACE7-A6F6B4357EAF}.Debug|Any CPU.ActiveCfg = Debug|Any CPU
		{A3BABCEF-7F6B-4B45-ACE7-A6F6B4357EAF}.Debug|Any CPU.Build.0 = Debug|Any CPU
		{A3BABCEF-7F6B-4B45-ACE7-A6F6B4357EAF}.Release|Any CPU.ActiveCfg = Release|Any CPU
		{A3BABCEF-7F6B-4B45-ACE7-A6F6B4357EAF}.Release|Any CPU.Build.0 = Release|Any CPU
	EndGlobalSection
	GlobalSection(SolutionProperties) = preSolution
		HideSolutionNode = FALSE
	EndGlobalSection
	GlobalSection(ExtensibilityGlobals) = postSolution
		SolutionGuid = {78697571-2425-4C78-8AC9-E30BE3743271}
	EndGlobalSection
EndGlobal
